Microsoft Visual Studio Solution File, Format Version 12.00
# Visual Studio 15
VisualStudioVersion = 15.0.28307.106
MinimumVisualStudioVersion = 10.0.40219.1
Project("{9A19103F-16F7-4668-BE54-9A1E7A4F7556}") = "Trend_supports_ranges_RT1", "Trend_supports_ranges_RT1.csproj", "{5613E44B-0A91-DF3D-30A4-CAEAA18DBB9C}"
EndProject
Global
    GlobalSection(SolutionConfigurationPlatforms) = preSolution
        Debug|Any CPU = Debug|Any CPU
        Release|Any CPU = Release|Any CPU
    EndGlobalSection
    GlobalSection(ProjectConfigurationPlatforms) = postSolution
        {5613E44B-0A91-DF3D-30A4-CAEAA18DBB9C}.Debug|Any CPU.ActiveCfg = Debug|Any CPU
        {5613E44B-0A91-DF3D-30A4-CAEAA18DBB9C}.Debug|Any CPU.Build.0 = Debug|Any CPU
        {5613E44B-0A91-DF3D-30A4-CAEAA18DBB9C}.Release|Any CPU.ActiveCfg = Release|Any CPU
        {5613E44B-0A91-DF3D-30A4-CAEAA18DBB9C}.Release|Any CPU.Build.0 = Release|Any CPU
    EndGlobalSection
    GlobalSection(SolutionProperties) = preSolution
        HideSolutionNode = FALSE
    EndGlobalSection
EndGlobal
